
Microsoft Visual Studio Solution File, Format Version 12.00
# Visual Studio Version 16
VisualStudioVersion = 16.0.32428.217
MinimumVisualStudioVersion = 10.0.40219.1
Project("{FAE04EC0-301F-11D3-BF4B-00C04F79EFBC}") = "ProjetoUsuarios", "ProjetoUsuarios\ProjetoUsuarios.csproj", "{48A70B21-EAE0-43AF-A49A-A3A1C47000C6}"
EndProject
Global
	GlobalSection(SolutionConfigurationPlatforms) = preSolution
		Debug|Any CPU = Debug|Any CPU
		Release|Any CPU = Release|Any CPU
	EndGlobalSection
	GlobalSection(ProjectConfigurationPlatforms) = postSolution
		{48A70B21-EAE0-43AF-A49A-A3A1C47000C6}.Debug|Any CPU.ActiveCfg = Debug|Any CPU
		{48A70B21-EAE0-43AF-A49A-A3A1C47000C6}.Debug|Any CPU.Build.0 = Debug|Any CPU
		{48A70B21-EAE0-43AF-A49A-A3A1C47000C6}.Release|Any CPU.ActiveCfg = Release|Any CPU
		{48A70B21-EAE0-43AF-A49A-A3A1C47000C6}.Release|Any CPU.Build.0 = Release|Any CPU
	EndGlobalSection
	GlobalSection(SolutionProperties) = preSolution
		HideSolutionNode = FALSE
	EndGlobalSection
	GlobalSection(ExtensibilityGlobals) = postSolution
		SolutionGuid = {5A5DBE81-7D9B-40D8-9284-2C484B32D34A}
	EndGlobalSection
EndGlobal
